// !$*UTF8*$!
{
	archiveVersion = 1;
	classes = {
	};
	objectVersion = 48;
	objects = {

/* Begin PBXBuildFile section */
		936ACA251F163DF700156AD8 /* test3DObject.swift in Sources */ = {isa = PBXBuildFile; fileRef = 936ACA241F163DF700156AD8 /* test3DObject.swift */; };
		937FE96F1F1E1ED600C3B0D7 /* KDCircularProgress.swift in Sources */ = {isa = PBXBuildFile; fileRef = 937FE96E1F1E1ED600C3B0D7 /* KDCircularProgress.swift */; };
		939C19CC1F14EF7100C392CA /* AppDelegate.swift in Sources */ = {isa = PBXBuildFile; fileRef = 939C19CB1F14EF7100C392CA /* AppDelegate.swift */; };
		939C19CE1F14EF7200C392CA /* art.scnassets in Resources */ = {isa = PBXBuildFile; fileRef = 939C19CD1F14EF7200C392CA /* art.scnassets */; };
		939C19D01F14EF7200C392CA /* ARViewController.swift in Sources */ = {isa = PBXBuildFile; fileRef = 939C19CF1F14EF7200C392CA /* ARViewController.swift */; };
		939C19D31F14EF7200C392CA /* Main.storyboard in Resources */ = {isa = PBXBuildFile; fileRef = 939C19D11F14EF7200C392CA /* Main.storyboard */; };
		939C19D51F14EF7200C392CA /* Assets.xcassets in Resources */ = {isa = PBXBuildFile; fileRef = 939C19D41F14EF7200C392CA /* Assets.xcassets */; };
		939C19D81F14EF7200C392CA /* LaunchScreen.storyboard in Resources */ = {isa = PBXBuildFile; fileRef = 939C19D61F14EF7200C392CA /* LaunchScreen.storyboard */; };
		939C19E31F14EF7200C392CA /* LittleFarmTests.swift in Sources */ = {isa = PBXBuildFile; fileRef = 939C19E21F14EF7200C392CA /* LittleFarmTests.swift */; };
		939C19EE1F14EF7200C392CA /* LittleFarmUITests.swift in Sources */ = {isa = PBXBuildFile; fileRef = 939C19ED1F14EF7200C392CA /* LittleFarmUITests.swift */; };
		939C19FF1F14FDF800C392CA /* LandingController.swift in Sources */ = {isa = PBXBuildFile; fileRef = 939C19FE1F14FDF800C392CA /* LandingController.swift */; };
		93C43AE71F1552FB00159522 /* QRCodeViewController.swift in Sources */ = {isa = PBXBuildFile; fileRef = 93C43AE41F15427B00159522 /* QRCodeViewController.swift */; };
/* End PBXBuildFile section */

/* Begin PBXContainerItemProxy section */
		939C19DF1F14EF7200C392CA /* PBXContainerItemProxy */ = {
			isa = PBXContainerItemProxy;
			containerPortal = 939C19C01F14EF7100C392CA /* Project object */;
			proxyType = 1;
			remoteGlobalIDString = 939C19C71F14EF7100C392CA;
			remoteInfo = LittleFarm;
		};
		939C19EA1F14EF7200C392CA /* PBXContainerItemProxy */ = {
			isa = PBXContainerItemProxy;
			containerPortal = 939C19C01F14EF7100C392CA /* Project object */;
			proxyType = 1;
			remoteGlobalIDString = 939C19C71F14EF7100C392CA;
			remoteInfo = LittleFarm;
		};
/* End PBXContainerItemProxy section */

/* Begin PBXFileReference section */
		936ACA241F163DF700156AD8 /* test3DObject.swift */ = {isa = PBXFileReference; lastKnownFileType = sourcecode.swift; path = test3DObject.swift; sourceTree = "<group>"; };
		937FE96E1F1E1ED600C3B0D7 /* KDCircularProgress.swift */ = {isa = PBXFileReference; lastKnownFileType = sourcecode.swift; path = KDCircularProgress.swift; sourceTree = "<group>"; };
		939C19C81F14EF7100C392CA /* LittleFarm.app */ = {isa = PBXFileReference; explicitFileType = wrapper.application; includeInIndex = 0; path = LittleFarm.app; sourceTree = BUILT_PRODUCTS_DIR; };
		939C19CB1F14EF7100C392CA /* AppDelegate.swift */ = {isa = PBXFileReference; lastKnownFileType = sourcecode.swift; path = AppDelegate.swift; sourceTree = "<group>"; };
		939C19CD1F14EF7200C392CA /* art.scnassets */ = {isa = PBXFileReference; lastKnownFileType = wrapper.scnassets; path = art.scnassets; sourceTree = "<group>"; };
		939C19CF1F14EF7200C392CA /* ARViewController.swift */ = {isa = PBXFileReference; lastKnownFileType = sourcecode.swift; path = ARViewController.swift; sourceTree = "<group>"; };
		939C19D21F14EF7200C392CA /* Base */ = {isa = PBXFileReference; lastKnownFileType = file.storyboard; name = Base; path = Base.lproj/Main.storyboard; sourceTree = "<group>"; };
		939C19D41F14EF7200C392CA /* Assets.xcassets */ = {isa = PBXFileReference; lastKnownFileType = folder.assetcatalog; path = Assets.xcassets; sourceTree = "<group>"; };
		939C19D71F14EF7200C392CA /* Base */ = {isa = PBXFileReference; lastKnownFileType = file.storyboard; name = Base; path = Base.lproj/LaunchScreen.storyboard; sourceTree = "<group>"; };
		939C19D91F14EF7200C392CA /* Info.plist */ = {isa = PBXFileReference; lastKnownFileType = text.plist.xml; path = Info.plist; sourceTree = "<group>"; };
		939C19DE1F14EF7200C392CA /* LittleFarmTests.xctest */ = {isa = PBXFileReference; explicitFileType = wrapper.cfbundle; includeInIndex = 0; path = LittleFarmTests.xctest; sourceTree = BUILT_PRODUCTS_DIR; };
		939C19E21F14EF7200C392CA /* LittleFarmTests.swift */ = {isa = PBXFileReference; lastKnownFileType = sourcecode.swift; path = LittleFarmTests.swift; sourceTree = "<group>"; };
		939C19E41F14EF7200C392CA /* Info.plist */ = {isa = PBXFileReference; lastKnownFileType = text.plist.xml; path = Info.plist; sourceTree = "<group>"; };
		939C19E91F14EF7200C392CA /* LittleFarmUITests.xctest */ = {isa = PBXFileReference; explicitFileType = wrapper.cfbundle; includeInIndex = 0; path = LittleFarmUITests.xctest; sourceTree = BUILT_PRODUCTS_DIR; };
		939C19ED1F14EF7200C392CA /* LittleFarmUITests.swift */ = {isa = PBXFileReference; lastKnownFileType = sourcecode.swift; path = LittleFarmUITests.swift; sourceTree = "<group>"; };
		939C19EF1F14EF7200C392CA /* Info.plist */ = {isa = PBXFileReference; lastKnownFileType = text.plist.xml; path = Info.plist; sourceTree = "<group>"; };
		939C19FE1F14FDF800C392CA /* LandingController.swift */ = {isa = PBXFileReference; lastKnownFileType = sourcecode.swift; path = LandingController.swift; sourceTree = "<group>"; };
		93C43AE41F15427B00159522 /* QRCodeViewController.swift */ = {isa = PBXFileReference; lastKnownFileType = sourcecode.swift; path = QRCodeViewController.swift; sourceTree = "<group>"; };
/* End PBXFileReference section */

/* Begin PBXFrameworksBuildPhase section */
		939C19C51F14EF7100C392CA /* Frameworks */ = {
			isa = PBXFrameworksBuildPhase;
			buildActionMask = 2147483647;
			files = (
			);
			runOnlyForDeploymentPostprocessing = 0;
		};
		939C19DB1F14EF7200C392CA /* Frameworks */ = {
			isa = PBXFrameworksBuildPhase;
			buildActionMask = 2147483647;
			files = (
			);
			runOnlyForDeploymentPostprocessing = 0;
		};
		939C19E61F14EF7200C392CA /* Frameworks */ = {
			isa = PBXFrameworksBuildPhase;
			buildActionMask = 2147483647;
			files = (
			);
			runOnlyForDeploymentPostprocessing = 0;
		};
/* End PBXFrameworksBuildPhase section */

/* Begin PBXGroup section */
		937FE96B1F1E1E9D00C3B0D7 /* extern */ = {
			isa = PBXGroup;
			children = (
				937FE96E1F1E1ED600C3B0D7 /* KDCircularProgress.swift */,
			);
			path = extern;
			sourceTree = "<group>";
		};
		939C19BF1F14EF7100C392CA = {
			isa = PBXGroup;
			children = (
				939C19CA1F14EF7100C392CA /* LittleFarm */,
				939C19E11F14EF7200C392CA /* LittleFarmTests */,
				939C19EC1F14EF7200C392CA /* LittleFarmUITests */,
				939C19C91F14EF7100C392CA /* Products */,
			);
			sourceTree = "<group>";
		};
		939C19C91F14EF7100C392CA /* Products */ = {
			isa = PBXGroup;
			children = (
				939C19C81F14EF7100C392CA /* LittleFarm.app */,
				939C19DE1F14EF7200C392CA /* LittleFarmTests.xctest */,
				939C19E91F14EF7200C392CA /* LittleFarmUITests.xctest */,
			);
			name = Products;
			sourceTree = "<group>";
		};
		939C19CA1F14EF7100C392CA /* LittleFarm */ = {
			isa = PBXGroup;
			children = (
				937FE96B1F1E1E9D00C3B0D7 /* extern */,
				939C19CB1F14EF7100C392CA /* AppDelegate.swift */,
				939C19FE1F14FDF800C392CA /* LandingController.swift */,
				939C19CF1F14EF7200C392CA /* ARViewController.swift */,
				93C43AE41F15427B00159522 /* QRCodeViewController.swift */,
				936ACA241F163DF700156AD8 /* test3DObject.swift */,
				939C19D11F14EF7200C392CA /* Main.storyboard */,
				939C19D61F14EF7200C392CA /* LaunchScreen.storyboard */,
				939C19D91F14EF7200C392CA /* Info.plist */,
				939C19D41F14EF7200C392CA /* Assets.xcassets */,
				939C19CD1F14EF7200C392CA /* art.scnassets */,
			);
			path = LittleFarm;
			sourceTree = "<group>";
		};
		939C19E11F14EF7200C392CA /* LittleFarmTests */ = {
			isa = PBXGroup;
			children = (
				939C19E21F14EF7200C392CA /* LittleFarmTests.swift */,
				939C19E41F14EF7200C392CA /* Info.plist */,
			);
			path = LittleFarmTests;
			sourceTree = "<group>";
		};
		939C19EC1F14EF7200C392CA /* LittleFarmUITests */ = {
			isa = PBXGroup;
			children = (
				939C19ED1F14EF7200C392CA /* LittleFarmUITests.swift */,
				939C19EF1F14EF7200C392CA /* Info.plist */,
			);
			path = LittleFarmUITests;
			sourceTree = "<group>";
		};
/* End PBXGroup section */

/* Begin PBXNativeTarget section */
		939C19C71F14EF7100C392CA /* LittleFarm */ = {
			isa = PBXNativeTarget;
			buildConfigurationList = 939C19F21F14EF7200C392CA /* Build configuration list for PBXNativeTarget "LittleFarm" */;
			buildPhases = (
				939C19C41F14EF7100C392CA /* Sources */,
				939C19C51F14EF7100C392CA /* Frameworks */,
				939C19C61F14EF7100C392CA /* Resources */,
			);
			buildRules = (
			);
			dependencies = (
			);
			name = LittleFarm;
			productName = LittleFarm;
			productReference = 939C19C81F14EF7100C392CA /* LittleFarm.app */;
			productType = "com.apple.product-type.application";
		};
		939C19DD1F14EF7200C392CA /* LittleFarmTests */ = {
			isa = PBXNativeTarget;
			buildConfigurationList = 939C19F51F14EF7200C392CA /* Build configuration list for PBXNativeTarget "LittleFarmTests" */;
			buildPhases = (
				939C19DA1F14EF7200C392CA /* Sources */,
				939C19DB1F14EF7200C392CA /* Frameworks */,
				939C19DC1F14EF7200C392CA /* Resources */,
			);
			buildRules = (
			);
			dependencies = (
				939C19E01F14EF7200C392CA /* PBXTargetDependency */,
			);
			name = LittleFarmTests;
			productName = LittleFarmTests;
			productReference = 939C19DE1F14EF7200C392CA /* LittleFarmTests.xctest */;
			productType = "com.apple.product-type.bundle.unit-test";
		};
		939C19E81F14EF7200C392CA /* LittleFarmUITests */ = {
			isa = PBXNativeTarget;
			buildConfigurationList = 939C19F81F14EF7200C392CA /* Build configuration list for PBXNativeTarget "LittleFarmUITests" */;
			buildPhases = (
				939C19E51F14EF7200C392CA /* Sources */,
				939C19E61F14EF7200C392CA /* Frameworks */,
				939C19E71F14EF7200C392CA /* Resources */,
			);
			buildRules = (
			);
			dependencies = (
				939C19EB1F14EF7200C392CA /* PBXTargetDependency */,
			);
			name = LittleFarmUITests;
			productName = LittleFarmUITests;
			productReference = 939C19E91F14EF7200C392CA /* LittleFarmUITests.xctest */;
			productType = "com.apple.product-type.bundle.ui-testing";
		};
/* End PBXNativeTarget section */

/* Begin PBXProject section */
		939C19C01F14EF7100C392CA /* Project object */ = {
			isa = PBXProject;
			attributes = {
				LastSwiftUpdateCheck = 0900;
				LastUpgradeCheck = 0900;
				ORGANIZATIONNAME = alain;
				TargetAttributes = {
					939C19C71F14EF7100C392CA = {
						CreatedOnToolsVersion = 9.0;
					};
					939C19DD1F14EF7200C392CA = {
						CreatedOnToolsVersion = 9.0;
						TestTargetID = 939C19C71F14EF7100C392CA;
					};
					939C19E81F14EF7200C392CA = {
						CreatedOnToolsVersion = 9.0;
						TestTargetID = 939C19C71F14EF7100C392CA;
					};
				};
			};
			buildConfigurationList = 939C19C31F14EF7100C392CA /* Build configuration list for PBXProject "LittleFarm" */;
			compatibilityVersion = "Xcode 8.0";
			developmentRegion = en;
			hasScannedForEncodings = 0;
			knownRegions = (
				en,
				Base,
			);
			mainGroup = 939C19BF1F14EF7100C392CA;
			productRefGroup = 939C19C91F14EF7100C392CA /* Products */;
			projectDirPath = "";
			projectRoot = "";
			targets = (
				939C19C71F14EF7100C392CA /* LittleFarm */,
				939C19DD1F14EF7200C392CA /* LittleFarmTests */,
				939C19E81F14EF7200C392CA /* LittleFarmUITests */,
			);
		};
/* End PBXProject section */

/* Begin PBXResourcesBuildPhase section */
		939C19C61F14EF7100C392CA /* Resources */ = {
			isa = PBXResourcesBuildPhase;
			buildActionMask = 2147483647;
			files = (
				939C19CE1F14EF7200C392CA /* art.scnassets in Resources */,
				939C19D81F14EF7200C392CA /* LaunchScreen.storyboard in Resources */,
				939C19D51F14EF7200C392CA /* Assets.xcassets in Resources */,
				939C19D31F14EF7200C392CA /* Main.storyboard in Resources */,
			);
			runOnlyForDeploymentPostprocessing = 0;
		};
		939C19DC1F14EF7200C392CA /* Resources */ = {
			isa = PBXResourcesBuildPhase;
			buildActionMask = 2147483647;
			files = (
			);
			runOnlyForDeploymentPostprocessing = 0;
		};
		939C19E71F14EF7200C392CA /* Resources */ = {
			isa = PBXResourcesBuildPhase;
			buildActionMask = 2147483647;
			files = (
			);
			runOnlyForDeploymentPostprocessing = 0;
		};
/* End PBXResourcesBuildPhase section */

/* Begin PBXSourcesBuildPhase section */
		939C19C41F14EF7100C392CA /* Sources */ = {
			isa = PBXSourcesBuildPhase;
			buildActionMask = 2147483647;
			files = (
				939C19FF1F14FDF800C392CA /* LandingController.swift in Sources */,
				939C19D01F14EF7200C392CA /* ARViewController.swift in Sources */,
				936ACA251F163DF700156AD8 /* test3DObject.swift in Sources */,
				939C19CC1F14EF7100C392CA /* AppDelegate.swift in Sources */,
				93C43AE71F1552FB00159522 /* QRCodeViewController.swift in Sources */,
				937FE96F1F1E1ED600C3B0D7 /* KDCircularProgress.swift in Sources */,
			);
			runOnlyForDeploymentPostprocessing = 0;
		};
		939C19DA1F14EF7200C392CA /* Sources */ = {
			isa = PBXSourcesBuildPhase;
			buildActionMask = 2147483647;
			files = (
				939C19E31F14EF7200C392CA /* LittleFarmTests.swift in Sources */,
			);
			runOnlyForDeploymentPostprocessing = 0;
		};
		939C19E51F14EF7200C392CA /* Sources */ = {
			isa = PBXSourcesBuildPhase;
			buildActionMask = 2147483647;
			files = (
				939C19EE1F14EF7200C392CA /* LittleFarmUITests.swift in Sources */,
			);
			runOnlyForDeploymentPostprocessing = 0;
		};
/* End PBXSourcesBuildPhase section */

/* Begin PBXTargetDependency section */
		939C19E01F14EF7200C392CA /* PBXTargetDependency */ = {
			isa = PBXTargetDependency;
			target = 939C19C71F14EF7100C392CA /* LittleFarm */;
			targetProxy = 939C19DF1F14EF7200C392CA /* PBXContainerItemProxy */;
		};
		939C19EB1F14EF7200C392CA /* PBXTargetDependency */ = {
			isa = PBXTargetDependency;
			target = 939C19C71F14EF7100C392CA /* LittleFarm */;
			targetProxy = 939C19EA1F14EF7200C392CA /* PBXContainerItemProxy */;
		};
/* End PBXTargetDependency section */

/* Begin PBXVariantGroup section */
		939C19D11F14EF7200C392CA /* Main.storyboard */ = {
			isa = PBXVariantGroup;
			children = (
				939C19D21F14EF7200C392CA /* Base */,
			);
			name = Main.storyboard;
			sourceTree = "<group>";
		};
		939C19D61F14EF7200C392CA /* LaunchScreen.storyboard */ = {
			isa = PBXVariantGroup;
			children = (
				939C19D71F14EF7200C392CA /* Base */,
			);
			name = LaunchScreen.storyboard;
			sourceTree = "<group>";
		};
/* End PBXVariantGroup section */

/* Begin XCBuildConfiguration section */
		939C19F01F14EF7200C392CA /* Debug */ = {
			isa = XCBuildConfiguration;
			buildSettings = {
				ALWAYS_SEARCH_USER_PATHS = NO;
				CLANG_ANALYZER_NONNULL = YES;
				CLANG_ANALYZER_NUMBER_OBJECT_CONVERSION = YES_AGGRESSIVE;
				CLANG_CXX_LANGUAGE_STANDARD = "gnu++14";
				CLANG_CXX_LIBRARY = "libc++";
				CLANG_ENABLE_MODULES = YES;
				CLANG_ENABLE_OBJC_ARC = YES;
				CLANG_WARN_BLOCK_CAPTURE_AUTORELEASING = YES;
				CLANG_WARN_BOOL_CONVERSION = YES;
				CLANG_WARN_COMMA = YES;
				CLANG_WARN_CONSTANT_CONVERSION = YES;
				CLANG_WARN_DIRECT_OBJC_ISA_USAGE = YES_ERROR;
				CLANG_WARN_DOCUMENTATION_COMMENTS = YES;
				CLANG_WARN_EMPTY_BODY = YES;
				CLANG_WARN_ENUM_CONVERSION = YES;
				CLANG_WARN_INFINITE_RECURSION = YES;
				CLANG_WARN_INT_CONVERSION = YES;
				CLANG_WARN_OBJC_ROOT_CLASS = YES_ERROR;
				CLANG_WARN_RANGE_LOOP_ANALYSIS = YES;
				CLANG_WARN_STRICT_PROTOTYPES = YES;
				CLANG_WARN_SUSPICIOUS_MOVE = YES;
				CLANG_WARN_UNGUARDED_AVAILABILITY = YES_AGGRESSIVE;
				CLANG_WARN_UNREACHABLE_CODE = YES;
				CLANG_WARN__DUPLICATE_METHOD_MATCH = YES;
				CODE_SIGN_IDENTITY = "iPhone Developer";
				COPY_PHASE_STRIP = NO;
				DEBUG_INFORMATION_FORMAT = dwarf;
				ENABLE_STRICT_OBJC_MSGSEND = YES;
				ENABLE_TESTABILITY = YES;
				GCC_C_LANGUAGE_STANDARD = gnu11;
				GCC_DYNAMIC_NO_PIC = NO;
				GCC_NO_COMMON_BLOCKS = YES;
				GCC_OPTIMIZATION_LEVEL = 0;
				GCC_PREPROCESSOR_DEFINITIONS = (
					"DEBUG=1",
					"$(inherited)",
				);
				GCC_WARN_64_TO_32_BIT_CONVERSION = YES;
				GCC_WARN_ABOUT_RETURN_TYPE = YES_ERROR;
				GCC_WARN_UNDECLARED_SELECTOR = YES;
				GCC_WARN_UNINITIALIZED_AUTOS = YES_AGGRESSIVE;
				GCC_WARN_UNUSED_FUNCTION = YES;
				GCC_WARN_UNUSED_VARIABLE = YES;
				IPHONEOS_DEPLOYMENT_TARGET = 11.0;
				MTL_ENABLE_DEBUG_INFO = YES;
				ONLY_ACTIVE_ARCH = YES;
				SDKROOT = iphoneos;
				SWIFT_ACTIVE_COMPILATION_CONDITIONS = DEBUG;
				SWIFT_OPTIMIZATION_LEVEL = "-Onone";
			};
			name = Debug;
		};
		939C19F11F14EF7200C392CA /* Release */ = {
			isa = XCBuildConfiguration;
			buildSettings = {
				ALWAYS_SEARCH_USER_PATHS = NO;
				CLANG_ANALYZER_NONNULL = YES;
				CLANG_ANALYZER_NUMBER_OBJECT_CONVERSION = YES_AGGRESSIVE;
				CLANG_CXX_LANGUAGE_STANDARD = "gnu++14";
				CLANG_CXX_LIBRARY = "libc++";
				CLANG_ENABLE_MODULES = YES;
				CLANG_ENABLE_OBJC_ARC = YES;
				CLANG_WARN_BLOCK_CAPTURE_AUTORELEASING = YES;
				CLANG_WARN_BOOL_CONVERSION = YES;
				CLANG_WARN_COMMA = YES;
				CLANG_WARN_CONSTANT_CONVERSION = YES;
				CLANG_WARN_DIRECT_OBJC_ISA_USAGE = YES_ERROR;
				CLANG_WARN_DOCUMENTATION_COMMENTS = YES;
				CLANG_WARN_EMPTY_BODY = YES;
				CLANG_WARN_ENUM_CONVERSION = YES;
				CLANG_WARN_INFINITE_RECURSION = YES;
				CLANG_WARN_INT_CONVERSION = YES;
				CLANG_WARN_OBJC_ROOT_CLASS = YES_ERROR;
				CLANG_WARN_RANGE_LOOP_ANALYSIS = YES;
				CLANG_WARN_STRICT_PROTOTYPES = YES;
				CLANG_WARN_SUSPICIOUS_MOVE = YES;
				CLANG_WARN_UNGUARDED_AVAILABILITY = YES_AGGRESSIVE;
				CLANG_WARN_UNREACHABLE_CODE = YES;
				CLANG_WARN__DUPLICATE_METHOD_MATCH = YES;
				CODE_SIGN_IDENTITY = "iPhone Developer";
				COPY_PHASE_STRIP = NO;
				DEBUG_INFORMATION_FORMAT = "dwarf-with-dsym";
				ENABLE_NS_ASSERTIONS = NO;
				ENABLE_STRICT_OBJC_MSGSEND = YES;
				GCC_C_LANGUAGE_STANDARD = gnu11;
				GCC_NO_COMMON_BLOCKS = YES;
				GCC_WARN_64_TO_32_BIT_CONVERSION = YES;
				GCC_WARN_ABOUT_RETURN_TYPE = YES_ERROR;
				GCC_WARN_UNDECLARED_SELECTOR = YES;
				GCC_WARN_UNINITIALIZED_AUTOS = YES_AGGRESSIVE;
				GCC_WARN_UNUSED_FUNCTION = YES;
				GCC_WARN_UNUSED_VARIABLE = YES;
				IPHONEOS_DEPLOYMENT_TARGET = 11.0;
				MTL_ENABLE_DEBUG_INFO = NO;
				SDKROOT = iphoneos;
				SWIFT_OPTIMIZATION_LEVEL = "-Owholemodule";
				VALIDATE_PRODUCT = YES;
			};
			name = Release;
		};
		939C19F31F14EF7200C392CA /* Debug */ = {
			isa = XCBuildConfiguration;
			buildSettings = {
				ASSETCATALOG_COMPILER_APPICON_NAME = AppIcon;
				DEVELOPMENT_TEAM = 6QMNP7KU5F;
				INFOPLIST_FILE = LittleFarm/Info.plist;
				LD_RUNPATH_SEARCH_PATHS = "$(inherited) @executable_path/Frameworks";
				PRODUCT_BUNDLE_IDENTIFIER = alain.LittleFarm;
				PRODUCT_NAME = "$(TARGET_NAME)";
				SWIFT_VERSION = 4.0;
				TARGETED_DEVICE_FAMILY = "1,2";
			};
			name = Debug;
		};
		939C19F41F14EF7200C392CA /* Release */ = {
			isa = XCBuildConfiguration;
			buildSettings = {
				ASSETCATALOG_COMPILER_APPICON_NAME = AppIcon;
				DEVELOPMENT_TEAM = 6QMNP7KU5F;
				INFOPLIST_FILE = LittleFarm/Info.plist;
				LD_RUNPATH_SEARCH_PATHS = "$(inherited) @executable_path/Frameworks";
				PRODUCT_BUNDLE_IDENTIFIER = alain.LittleFarm;
				PRODUCT_NAME = "$(TARGET_NAME)";
				SWIFT_VERSION = 4.0;
				TARGETED_DEVICE_FAMILY = "1,2";
			};
			name = Release;
		};
		939C19F61F14EF7200C392CA /* Debug */ = {
			isa = XCBuildConfiguration;
			buildSettings = {
				ALWAYS_EMBED_SWIFT_STANDARD_LIBRARIES = YES;
				BUNDLE_LOADER = "$(TEST_HOST)";
				DEVELOPMENT_TEAM = 6QMNP7KU5F;
				INFOPLIST_FILE = LittleFarmTests/Info.plist;
				LD_RUNPATH_SEARCH_PATHS = "$(inherited) @executable_path/Frameworks @loader_path/Frameworks";
				PRODUCT_BUNDLE_IDENTIFIER = alain.LittleFarmTests;
				PRODUCT_NAME = "$(TARGET_NAME)";
				SWIFT_VERSION = 4.0;
				TARGETED_DEVICE_FAMILY = "1,2";
				TEST_HOST = "$(BUILT_PRODUCTS_DIR)/LittleFarm.app/LittleFarm";
			};
			name = Debug;
		};
		939C19F71F14EF7200C392CA /* Release */ = {
			isa = XCBuildConfiguration;
			buildSettings = {
				ALWAYS_EMBED_SWIFT_STANDARD_LIBRARIES = YES;
				BUNDLE_LOADER = "$(TEST_HOST)";
				DEVELOPMENT_TEAM = 6QMNP7KU5F;
				INFOPLIST_FILE = LittleFarmTests/Info.plist;
				LD_RUNPATH_SEARCH_PATHS = "$(inherited) @executable_path/Frameworks @loader_path/Frameworks";
				PRODUCT_BUNDLE_IDENTIFIER = alain.LittleFarmTests;
				PRODUCT_NAME = "$(TARGET_NAME)";
				SWIFT_VERSION = 4.0;
				TARGETED_DEVICE_FAMILY = "1,2";
				TEST_HOST = "$(BUILT_PRODUCTS_DIR)/LittleFarm.app/LittleFarm";
			};
			name = Release;
		};
		939C19F91F14EF7200C392CA /* Debug */ = {
			isa = XCBuildConfiguration;
			buildSettings = {
				ALWAYS_EMBED_SWIFT_STANDARD_LIBRARIES = YES;
				DEVELOPMENT_TEAM = 6QMNP7KU5F;
				INFOPLIST_FILE = LittleFarmUITests/Info.plist;
				LD_RUNPATH_SEARCH_PATHS = "$(inherited) @executable_path/Frameworks @loader_path/Frameworks";
				PRODUCT_BUNDLE_IDENTIFIER = alain.LittleFarmUITests;
				PRODUCT_NAME = "$(TARGET_NAME)";
				SWIFT_VERSION = 4.0;
				TARGETED_DEVICE_FAMILY = "1,2";
				TEST_TARGET_NAME = LittleFarm;
			};
			name = Debug;
		};
		939C19FA1F14EF7200C392CA /* Release */ = {
			isa = XCBuildConfiguration;
			buildSettings = {
				ALWAYS_EMBED_SWIFT_STANDARD_LIBRARIES = YES;
				DEVELOPMENT_TEAM = 6QMNP7KU5F;
				INFOPLIST_FILE = LittleFarmUITests/Info.plist;
				LD_RUNPATH_SEARCH_PATHS = "$(inherited) @executable_path/Frameworks @loader_path/Frameworks";
				PRODUCT_BUNDLE_IDENTIFIER = alain.LittleFarmUITests;
				PRODUCT_NAME = "$(TARGET_NAME)";
				SWIFT_VERSION = 4.0;
				TARGETED_DEVICE_FAMILY = "1,2";
				TEST_TARGET_NAME = LittleFarm;
			};
			name = Release;
		};
/* End XCBuildConfiguration section */

/* Begin XCConfigurationList section */
		939C19C31F14EF7100C392CA /* Build configuration list for PBXProject "LittleFarm" */ = {
			isa = XCConfigurationList;
			buildConfigurations = (
				939C19F01F14EF7200C392CA /* Debug */,
				939C19F11F14EF7200C392CA /* Release */,
			);
			defaultConfigurationIsVisible = 0;
			defaultConfigurationName = Release;
		};
		939C19F21F14EF7200C392CA /* Build configuration list for PBXNativeTarget "LittleFarm" */ = {
			isa = XCConfigurationList;
			buildConfigurations = (
				939C19F31F14EF7200C392CA /* Debug */,
				939C19F41F14EF7200C392CA /* Release */,
			);
			defaultConfigurationIsVisible = 0;
			defaultConfigurationName = Release;
		};
		939C19F51F14EF7200C392CA /* Build configuration list for PBXNativeTarget "LittleFarmTests" */ = {
			isa = XCConfigurationList;
			buildConfigurations = (
				939C19F61F14EF7200C392CA /* Debug */,
				939C19F71F14EF7200C392CA /* Release */,
			);
			defaultConfigurationIsVisible = 0;
			defaultConfigurationName = Release;
		};
		939C19F81F14EF7200C392CA /* Build configuration list for PBXNativeTarget "LittleFarmUITests" */ = {
			isa = XCConfigurationList;
			buildConfigurations = (
				939C19F91F14EF7200C392CA /* Debug */,
				939C19FA1F14EF7200C392CA /* Release */,
			);
			defaultConfigurationIsVisible = 0;
			defaultConfigurationName = Release;
		};
/* End XCConfigurationList section */
	};
	rootObject = 939C19C01F14EF7100C392CA /* Project object */;
}
